// !$*UTF8*$!
{
	archiveVersion = 1;
	classes = {
	};
	objectVersion = 50;
	objects = {

/* Begin PBXBuildFile section */
		6C66932526CFA91300E554BE /* Country.swift in Sources */ = {isa = PBXBuildFile; fileRef = 6C66932426CFA91300E554BE /* Country.swift */; };
		6C95823926D5FFE800228318 /* World.swift in Sources */ = {isa = PBXBuildFile; fileRef = 6C95823826D5FFE800228318 /* World.swift */; };
		6C95823B26D6004F00228318 /* TotalCasesView.swift in Sources */ = {isa = PBXBuildFile; fileRef = 6C95823A26D6004F00228318 /* TotalCasesView.swift */; };
		6C95823D26D6261400228318 /* CountryDetailView.swift in Sources */ = {isa = PBXBuildFile; fileRef = 6C95823C26D6261400228318 /* CountryDetailView.swift */; };
		6C9BF40D26EB1E83003EA3F7 /* ModelData.swift in Sources */ = {isa = PBXBuildFile; fileRef = 6C9BF40C26EB1E82003EA3F7 /* ModelData.swift */; };
		6CAEC1C626D36F3B00A7AD50 /* CountryFrameView.swift in Sources */ = {isa = PBXBuildFile; fileRef = 6CAEC1C526D36F3B00A7AD50 /* CountryFrameView.swift */; };
		6CAEC1C826D36F9700A7AD50 /* DataManage.swift in Sources */ = {isa = PBXBuildFile; fileRef = 6CAEC1C726D36F9700A7AD50 /* DataManage.swift */; };
		6CAEC1CA26D38B5200A7AD50 /* CountryRow.swift in Sources */ = {isa = PBXBuildFile; fileRef = 6CAEC1C926D38B5200A7AD50 /* CountryRow.swift */; };
		6CBB606126D885EC00A465D6 /* CountryDetailGraphBar.swift in Sources */ = {isa = PBXBuildFile; fileRef = 6CBB606026D885EC00A465D6 /* CountryDetailGraphBar.swift */; };
		6CBB606326D8892300A465D6 /* CountryDetailGraph.swift in Sources */ = {isa = PBXBuildFile; fileRef = 6CBB606226D8892300A465D6 /* CountryDetailGraph.swift */; };
		6CBE957426CE26F2005B0DA9 /* CovidWorldDataApp.swift in Sources */ = {isa = PBXBuildFile; fileRef = 6CBE957326CE26F2005B0DA9 /* CovidWorldDataApp.swift */; };
		6CBE957626CE26F2005B0DA9 /* ContentView.swift in Sources */ = {isa = PBXBuildFile; fileRef = 6CBE957526CE26F2005B0DA9 /* ContentView.swift */; };
		6CBE957826CE26F5005B0DA9 /* Assets.xcassets in Resources */ = {isa = PBXBuildFile; fileRef = 6CBE957726CE26F5005B0DA9 /* Assets.xcassets */; };
		6CBE957B26CE26F5005B0DA9 /* Preview Assets.xcassets in Resources */ = {isa = PBXBuildFile; fileRef = 6CBE957A26CE26F5005B0DA9 /* Preview Assets.xcassets */; };
		6CBE958626CE26F6005B0DA9 /* CovidWorldDataTests.swift in Sources */ = {isa = PBXBuildFile; fileRef = 6CBE958526CE26F6005B0DA9 /* CovidWorldDataTests.swift */; };
		6CBE959126CE26F6005B0DA9 /* CovidWorldDataUITests.swift in Sources */ = {isa = PBXBuildFile; fileRef = 6CBE959026CE26F6005B0DA9 /* CovidWorldDataUITests.swift */; };
		6CBE95A126CE2736005B0DA9 /* CountryLinkNames.swift in Sources */ = {isa = PBXBuildFile; fileRef = 6CBE95A026CE2736005B0DA9 /* CountryLinkNames.swift */; };
		6CBE95A426CE27B0005B0DA9 /* JSONDecoder.swift in Sources */ = {isa = PBXBuildFile; fileRef = 6CBE95A326CE27B0005B0DA9 /* JSONDecoder.swift */; };
/* End PBXBuildFile section */

/* Begin PBXContainerItemProxy section */
		6CBE958226CE26F5005B0DA9 /* PBXContainerItemProxy */ = {
			isa = PBXContainerItemProxy;
			containerPortal = 6CBE956826CE26F2005B0DA9 /* Project object */;
			proxyType = 1;
			remoteGlobalIDString = 6CBE956F26CE26F2005B0DA9;
			remoteInfo = CovidWorldData;
		};
		6CBE958D26CE26F6005B0DA9 /* PBXContainerItemProxy */ = {
			isa = PBXContainerItemProxy;
			containerPortal = 6CBE956826CE26F2005B0DA9 /* Project object */;
			proxyType = 1;
			remoteGlobalIDString = 6CBE956F26CE26F2005B0DA9;
			remoteInfo = CovidWorldData;
		};
/* End PBXContainerItemProxy section */

/* Begin PBXFileReference section */
		6C66932426CFA91300E554BE /* Country.swift */ = {isa = PBXFileReference; lastKnownFileType = sourcecode.swift; path = Country.swift; sourceTree = "<group>"; };
		6C95823826D5FFE800228318 /* World.swift */ = {isa = PBXFileReference; lastKnownFileType = sourcecode.swift; path = World.swift; sourceTree = "<group>"; };
		6C95823A26D6004F00228318 /* TotalCasesView.swift */ = {isa = PBXFileReference; lastKnownFileType = sourcecode.swift; path = TotalCasesView.swift; sourceTree = "<group>"; };
		6C95823C26D6261400228318 /* CountryDetailView.swift */ = {isa = PBXFileReference; lastKnownFileType = sourcecode.swift; path = CountryDetailView.swift; sourceTree = "<group>"; };
		6C9BF40C26EB1E82003EA3F7 /* ModelData.swift */ = {isa = PBXFileReference; lastKnownFileType = sourcecode.swift; path = ModelData.swift; sourceTree = "<group>"; };
		6CAEC1C526D36F3B00A7AD50 /* CountryFrameView.swift */ = {isa = PBXFileReference; lastKnownFileType = sourcecode.swift; path = CountryFrameView.swift; sourceTree = "<group>"; };
		6CAEC1C726D36F9700A7AD50 /* DataManage.swift */ = {isa = PBXFileReference; lastKnownFileType = sourcecode.swift; path = DataManage.swift; sourceTree = "<group>"; };
		6CAEC1C926D38B5200A7AD50 /* CountryRow.swift */ = {isa = PBXFileReference; lastKnownFileType = sourcecode.swift; path = CountryRow.swift; sourceTree = "<group>"; };
		6CBB606026D885EC00A465D6 /* CountryDetailGraphBar.swift */ = {isa = PBXFileReference; lastKnownFileType = sourcecode.swift; path = CountryDetailGraphBar.swift; sourceTree = "<group>"; };
		6CBB606226D8892300A465D6 /* CountryDetailGraph.swift */ = {isa = PBXFileReference; lastKnownFileType = sourcecode.swift; path = CountryDetailGraph.swift; sourceTree = "<group>"; };
		6CBE957026CE26F2005B0DA9 /* CovidWorldData.app */ = {isa = PBXFileReference; explicitFileType = wrapper.application; includeInIndex = 0; path = CovidWorldData.app; sourceTree = BUILT_PRODUCTS_DIR; };
		6CBE957326CE26F2005B0DA9 /* CovidWorldDataApp.swift */ = {isa = PBXFileReference; lastKnownFileType = sourcecode.swift; path = CovidWorldDataApp.swift; sourceTree = "<group>"; };
		6CBE957526CE26F2005B0DA9 /* ContentView.swift */ = {isa = PBXFileReference; lastKnownFileType = sourcecode.swift; path = ContentView.swift; sourceTree = "<group>"; };
		6CBE957726CE26F5005B0DA9 /* Assets.xcassets */ = {isa = PBXFileReference; lastKnownFileType = folder.assetcatalog; path = Assets.xcassets; sourceTree = "<group>"; };
		6CBE957A26CE26F5005B0DA9 /* Preview Assets.xcassets */ = {isa = PBXFileReference; lastKnownFileType = folder.assetcatalog; path = "Preview Assets.xcassets"; sourceTree = "<group>"; };
		6CBE957C26CE26F5005B0DA9 /* Info.plist */ = {isa = PBXFileReference; lastKnownFileType = text.plist.xml; path = Info.plist; sourceTree = "<group>"; };
		6CBE958126CE26F5005B0DA9 /* CovidWorldDataTests.xctest */ = {isa = PBXFileReference; explicitFileType = wrapper.cfbundle; includeInIndex = 0; path = CovidWorldDataTests.xctest; sourceTree = BUILT_PRODUCTS_DIR; };
		6CBE958526CE26F6005B0DA9 /* CovidWorldDataTests.swift */ = {isa = PBXFileReference; lastKnownFileType = sourcecode.swift; path = CovidWorldDataTests.swift; sourceTree = "<group>"; };
		6CBE958726CE26F6005B0DA9 /* Info.plist */ = {isa = PBXFileReference; lastKnownFileType = text.plist.xml; path = Info.plist; sourceTree = "<group>"; };
		6CBE958C26CE26F6005B0DA9 /* CovidWorldDataUITests.xctest */ = {isa = PBXFileReference; explicitFileType = wrapper.cfbundle; includeInIndex = 0; path = CovidWorldDataUITests.xctest; sourceTree = BUILT_PRODUCTS_DIR; };
		6CBE959026CE26F6005B0DA9 /* CovidWorldDataUITests.swift */ = {isa = PBXFileReference; lastKnownFileType = sourcecode.swift; path = CovidWorldDataUITests.swift; sourceTree = "<group>"; };
		6CBE959226CE26F6005B0DA9 /* Info.plist */ = {isa = PBXFileReference; lastKnownFileType = text.plist.xml; path = Info.plist; sourceTree = "<group>"; };
		6CBE95A026CE2736005B0DA9 /* CountryLinkNames.swift */ = {isa = PBXFileReference; lastKnownFileType = sourcecode.swift; path = CountryLinkNames.swift; sourceTree = "<group>"; };
		6CBE95A326CE27B0005B0DA9 /* JSONDecoder.swift */ = {isa = PBXFileReference; lastKnownFileType = sourcecode.swift; path = JSONDecoder.swift; sourceTree = "<group>"; };
/* End PBXFileReference section */

/* Begin PBXFrameworksBuildPhase section */
		6CBE956D26CE26F2005B0DA9 /* Frameworks */ = {
			isa = PBXFrameworksBuildPhase;
			buildActionMask = 2147483647;
			files = (
			);
			runOnlyForDeploymentPostprocessing = 0;
		};
		6CBE957E26CE26F5005B0DA9 /* Frameworks */ = {
			isa = PBXFrameworksBuildPhase;
			buildActionMask = 2147483647;
			files = (
			);
			runOnlyForDeploymentPostprocessing = 0;
		};
		6CBE958926CE26F6005B0DA9 /* Frameworks */ = {
			isa = PBXFrameworksBuildPhase;
			buildActionMask = 2147483647;
			files = (
			);
			runOnlyForDeploymentPostprocessing = 0;
		};
/* End PBXFrameworksBuildPhase section */

/* Begin PBXGroup section */
		6CBE956726CE26F2005B0DA9 = {
			isa = PBXGroup;
			children = (
				6CBE957226CE26F2005B0DA9 /* CovidWorldData */,
				6CBE958426CE26F6005B0DA9 /* CovidWorldDataTests */,
				6CBE958F26CE26F6005B0DA9 /* CovidWorldDataUITests */,
				6CBE957126CE26F2005B0DA9 /* Products */,
			);
			sourceTree = "<group>";
		};
		6CBE957126CE26F2005B0DA9 /* Products */ = {
			isa = PBXGroup;
			children = (
				6CBE957026CE26F2005B0DA9 /* CovidWorldData.app */,
				6CBE958126CE26F5005B0DA9 /* CovidWorldDataTests.xctest */,
				6CBE958C26CE26F6005B0DA9 /* CovidWorldDataUITests.xctest */,
			);
			name = Products;
			sourceTree = "<group>";
		};
		6CBE957226CE26F2005B0DA9 /* CovidWorldData */ = {
			isa = PBXGroup;
			children = (
				6CBE95A226CE2776005B0DA9 /* Backend */,
				6CBE959F26CE2719005B0DA9 /* Views */,
				6CBE959E26CE2702005B0DA9 /* Model */,
				6CBE957326CE26F2005B0DA9 /* CovidWorldDataApp.swift */,
				6CBE95A026CE2736005B0DA9 /* CountryLinkNames.swift */,
				6CBE957726CE26F5005B0DA9 /* Assets.xcassets */,
				6CBE957C26CE26F5005B0DA9 /* Info.plist */,
				6CBE957926CE26F5005B0DA9 /* Preview Content */,
			);
			path = CovidWorldData;
			sourceTree = "<group>";
		};
		6CBE957926CE26F5005B0DA9 /* Preview Content */ = {
			isa = PBXGroup;
			children = (
				6CBE957A26CE26F5005B0DA9 /* Preview Assets.xcassets */,
			);
			path = "Preview Content";
			sourceTree = "<group>";
		};
		6CBE958426CE26F6005B0DA9 /* CovidWorldDataTests */ = {
			isa = PBXGroup;
			children = (
				6CBE958526CE26F6005B0DA9 /* CovidWorldDataTests.swift */,
				6CBE958726CE26F6005B0DA9 /* Info.plist */,
			);
			path = CovidWorldDataTests;
			sourceTree = "<group>";
		};
		6CBE958F26CE26F6005B0DA9 /* CovidWorldDataUITests */ = {
			isa = PBXGroup;
			children = (
				6CBE959026CE26F6005B0DA9 /* CovidWorldDataUITests.swift */,
				6CBE959226CE26F6005B0DA9 /* Info.plist */,
			);
			path = CovidWorldDataUITests;
			sourceTree = "<group>";
		};
		6CBE959E26CE2702005B0DA9 /* Model */ = {
			isa = PBXGroup;
			children = (
				6C66932426CFA91300E554BE /* Country.swift */,
				6C95823826D5FFE800228318 /* World.swift */,
				6C9BF40C26EB1E82003EA3F7 /* ModelData.swift */,
			);
			path = Model;
			sourceTree = "<group>";
		};
		6CBE959F26CE2719005B0DA9 /* Views */ = {
			isa = PBXGroup;
			children = (
				6CBE957526CE26F2005B0DA9 /* ContentView.swift */,
				6CAEC1C526D36F3B00A7AD50 /* CountryFrameView.swift */,
				6CAEC1C926D38B5200A7AD50 /* CountryRow.swift */,
				6C95823A26D6004F00228318 /* TotalCasesView.swift */,
				6C95823C26D6261400228318 /* CountryDetailView.swift */,
				6CBB606026D885EC00A465D6 /* CountryDetailGraphBar.swift */,
				6CBB606226D8892300A465D6 /* CountryDetailGraph.swift */,
			);
			path = Views;
			sourceTree = "<group>";
		};
		6CBE95A226CE2776005B0DA9 /* Backend */ = {
			isa = PBXGroup;
			children = (
				6CBE95A326CE27B0005B0DA9 /* JSONDecoder.swift */,
				6CAEC1C726D36F9700A7AD50 /* DataManage.swift */,
			);
			path = Backend;
			sourceTree = "<group>";
		};
/* End PBXGroup section */

/* Begin PBXNativeTarget section */
		6CBE956F26CE26F2005B0DA9 /* CovidWorldData */ = {
			isa = PBXNativeTarget;
			buildConfigurationList = 6CBE959526CE26F6005B0DA9 /* Build configuration list for PBXNativeTarget "CovidWorldData" */;
			buildPhases = (
				6CBE956C26CE26F2005B0DA9 /* Sources */,
				6CBE956D26CE26F2005B0DA9 /* Frameworks */,
				6CBE956E26CE26F2005B0DA9 /* Resources */,
			);
			buildRules = (
			);
			dependencies = (
			);
			name = CovidWorldData;
			productName = CovidWorldData;
			productReference = 6CBE957026CE26F2005B0DA9 /* CovidWorldData.app */;
			productType = "com.apple.product-type.application";
		};
		6CBE958026CE26F5005B0DA9 /* CovidWorldDataTests */ = {
			isa = PBXNativeTarget;
			buildConfigurationList = 6CBE959826CE26F6005B0DA9 /* Build configuration list for PBXNativeTarget "CovidWorldDataTests" */;
			buildPhases = (
				6CBE957D26CE26F5005B0DA9 /* Sources */,
				6CBE957E26CE26F5005B0DA9 /* Frameworks */,
				6CBE957F26CE26F5005B0DA9 /* Resources */,
			);
			buildRules = (
			);
			dependencies = (
				6CBE958326CE26F5005B0DA9 /* PBXTargetDependency */,
			);
			name = CovidWorldDataTests;
			productName = CovidWorldDataTests;
			productReference = 6CBE958126CE26F5005B0DA9 /* CovidWorldDataTests.xctest */;
			productType = "com.apple.product-type.bundle.unit-test";
		};
		6CBE958B26CE26F6005B0DA9 /* CovidWorldDataUITests */ = {
			isa = PBXNativeTarget;
			buildConfigurationList = 6CBE959B26CE26F6005B0DA9 /* Build configuration list for PBXNativeTarget "CovidWorldDataUITests" */;
			buildPhases = (
				6CBE958826CE26F6005B0DA9 /* Sources */,
				6CBE958926CE26F6005B0DA9 /* Frameworks */,
				6CBE958A26CE26F6005B0DA9 /* Resources */,
			);
			buildRules = (
			);
			dependencies = (
				6CBE958E26CE26F6005B0DA9 /* PBXTargetDependency */,
			);
			name = CovidWorldDataUITests;
			productName = CovidWorldDataUITests;
			productReference = 6CBE958C26CE26F6005B0DA9 /* CovidWorldDataUITests.xctest */;
			productType = "com.apple.product-type.bundle.ui-testing";
		};
/* End PBXNativeTarget section */

/* Begin PBXProject section */
		6CBE956826CE26F2005B0DA9 /* Project object */ = {
			isa = PBXProject;
			attributes = {
				LastSwiftUpdateCheck = 1250;
				LastUpgradeCheck = 1250;
				TargetAttributes = {
					6CBE956F26CE26F2005B0DA9 = {
						CreatedOnToolsVersion = 12.5.1;
					};
					6CBE958026CE26F5005B0DA9 = {
						CreatedOnToolsVersion = 12.5.1;
						TestTargetID = 6CBE956F26CE26F2005B0DA9;
					};
					6CBE958B26CE26F6005B0DA9 = {
						CreatedOnToolsVersion = 12.5.1;
						TestTargetID = 6CBE956F26CE26F2005B0DA9;
					};
				};
			};
			buildConfigurationList = 6CBE956B26CE26F2005B0DA9 /* Build configuration list for PBXProject "CovidWorldData" */;
			compatibilityVersion = "Xcode 9.3";
			developmentRegion = en;
			hasScannedForEncodings = 0;
			knownRegions = (
				en,
				Base,
			);
			mainGroup = 6CBE956726CE26F2005B0DA9;
			productRefGroup = 6CBE957126CE26F2005B0DA9 /* Products */;
			projectDirPath = "";
			projectRoot = "";
			targets = (
				6CBE956F26CE26F2005B0DA9 /* CovidWorldData */,
				6CBE958026CE26F5005B0DA9 /* CovidWorldDataTests */,
				6CBE958B26CE26F6005B0DA9 /* CovidWorldDataUITests */,
			);
		};
/* End PBXProject section */

/* Begin PBXResourcesBuildPhase section */
		6CBE956E26CE26F2005B0DA9 /* Resources */ = {
			isa = PBXResourcesBuildPhase;
			buildActionMask = 2147483647;
			files = (
				6CBE957B26CE26F5005B0DA9 /* Preview Assets.xcassets in Resources */,
				6CBE957826CE26F5005B0DA9 /* Assets.xcassets in Resources */,
			);
			runOnlyForDeploymentPostprocessing = 0;
		};
		6CBE957F26CE26F5005B0DA9 /* Resources */ = {
			isa = PBXResourcesBuildPhase;
			buildActionMask = 2147483647;
			files = (
			);
			runOnlyForDeploymentPostprocessing = 0;
		};
		6CBE958A26CE26F6005B0DA9 /* Resources */ = {
			isa = PBXResourcesBuildPhase;
			buildActionMask = 2147483647;
			files = (
			);
			runOnlyForDeploymentPostprocessing = 0;
		};
/* End PBXResourcesBuildPhase section */

/* Begin PBXSourcesBuildPhase section */
		6CBE956C26CE26F2005B0DA9 /* Sources */ = {
			isa = PBXSourcesBuildPhase;
			buildActionMask = 2147483647;
			files = (
				6C95823D26D6261400228318 /* CountryDetailView.swift in Sources */,
				6C95823926D5FFE800228318 /* World.swift in Sources */,
				6CBE95A426CE27B0005B0DA9 /* JSONDecoder.swift in Sources */,
				6CBB606326D8892300A465D6 /* CountryDetailGraph.swift in Sources */,
				6CAEC1C826D36F9700A7AD50 /* DataManage.swift in Sources */,
				6CBB606126D885EC00A465D6 /* CountryDetailGraphBar.swift in Sources */,
				6CBE957626CE26F2005B0DA9 /* ContentView.swift in Sources */,
				6C95823B26D6004F00228318 /* TotalCasesView.swift in Sources */,
				6CBE95A126CE2736005B0DA9 /* CountryLinkNames.swift in Sources */,
				6C66932526CFA91300E554BE /* Country.swift in Sources */,
				6CAEC1C626D36F3B00A7AD50 /* CountryFrameView.swift in Sources */,
				6CBE957426CE26F2005B0DA9 /* CovidWorldDataApp.swift in Sources */,
				6CAEC1CA26D38B5200A7AD50 /* CountryRow.swift in Sources */,
				6C9BF40D26EB1E83003EA3F7 /* ModelData.swift in Sources */,
			);
			runOnlyForDeploymentPostprocessing = 0;
		};
		6CBE957D26CE26F5005B0DA9 /* Sources */ = {
			isa = PBXSourcesBuildPhase;
			buildActionMask = 2147483647;
			files = (
				6CBE958626CE26F6005B0DA9 /* CovidWorldDataTests.swift in Sources */,
			);
			runOnlyForDeploymentPostprocessing = 0;
		};
		6CBE958826CE26F6005B0DA9 /* Sources */ = {
			isa = PBXSourcesBuildPhase;
			buildActionMask = 2147483647;
			files = (
				6CBE959126CE26F6005B0DA9 /* CovidWorldDataUITests.swift in Sources */,
			);
			runOnlyForDeploymentPostprocessing = 0;
		};
/* End PBXSourcesBuildPhase section */

/* Begin PBXTargetDependency section */
		6CBE958326CE26F5005B0DA9 /* PBXTargetDependency */ = {
			isa = PBXTargetDependency;
			target = 6CBE956F26CE26F2005B0DA9 /* CovidWorldData */;
			targetProxy = 6CBE958226CE26F5005B0DA9 /* PBXContainerItemProxy */;
		};
		6CBE958E26CE26F6005B0DA9 /* PBXTargetDependency */ = {
			isa = PBXTargetDependency;
			target = 6CBE956F26CE26F2005B0DA9 /* CovidWorldData */;
			targetProxy = 6CBE958D26CE26F6005B0DA9 /* PBXContainerItemProxy */;
		};
/* End PBXTargetDependency section */

/* Begin XCBuildConfiguration section */
		6CBE959326CE26F6005B0DA9 /* Debug */ = {
			isa = XCBuildConfiguration;
			buildSettings = {
				ALWAYS_SEARCH_USER_PATHS = NO;
				CLANG_ANALYZER_NONNULL = YES;
				CLANG_ANALYZER_NUMBER_OBJECT_CONVERSION = YES_AGGRESSIVE;
				CLANG_CXX_LANGUAGE_STANDARD = "gnu++14";
				CLANG_CXX_LIBRARY = "libc++";
				CLANG_ENABLE_MODULES = YES;
				CLANG_ENABLE_OBJC_ARC = YES;
				CLANG_ENABLE_OBJC_WEAK = YES;
				CLANG_WARN_BLOCK_CAPTURE_AUTORELEASING = YES;
				CLANG_WARN_BOOL_CONVERSION = YES;
				CLANG_WARN_COMMA = YES;
				CLANG_WARN_CONSTANT_CONVERSION = YES;
				CLANG_WARN_DEPRECATED_OBJC_IMPLEMENTATIONS = YES;
				CLANG_WARN_DIRECT_OBJC_ISA_USAGE = YES_ERROR;
				CLANG_WARN_DOCUMENTATION_COMMENTS = YES;
				CLANG_WARN_EMPTY_BODY = YES;
				CLANG_WARN_ENUM_CONVERSION = YES;
				CLANG_WARN_INFINITE_RECURSION = YES;
				CLANG_WARN_INT_CONVERSION = YES;
				CLANG_WARN_NON_LITERAL_NULL_CONVERSION = YES;
				CLANG_WARN_OBJC_IMPLICIT_RETAIN_SELF = YES;
				CLANG_WARN_OBJC_LITERAL_CONVERSION = YES;
				CLANG_WARN_OBJC_ROOT_CLASS = YES_ERROR;
				CLANG_WARN_QUOTED_INCLUDE_IN_FRAMEWORK_HEADER = YES;
				CLANG_WARN_RANGE_LOOP_ANALYSIS = YES;
				CLANG_WARN_STRICT_PROTOTYPES = YES;
				CLANG_WARN_SUSPICIOUS_MOVE = YES;
				CLANG_WARN_UNGUARDED_AVAILABILITY = YES_AGGRESSIVE;
				CLANG_WARN_UNREACHABLE_CODE = YES;
				CLANG_WARN__DUPLICATE_METHOD_MATCH = YES;
				COPY_PHASE_STRIP = NO;
				DEBUG_INFORMATION_FORMAT = dwarf;
				ENABLE_STRICT_OBJC_MSGSEND = YES;
				ENABLE_TESTABILITY = YES;
				GCC_C_LANGUAGE_STANDARD = gnu11;
				GCC_DYNAMIC_NO_PIC = NO;
				GCC_NO_COMMON_BLOCKS = YES;
				GCC_OPTIMIZATION_LEVEL = 0;
				GCC_PREPROCESSOR_DEFINITIONS = (
					"DEBUG=1",
					"$(inherited)",
				);
				GCC_WARN_64_TO_32_BIT_CONVERSION = YES;
				GCC_WARN_ABOUT_RETURN_TYPE = YES_ERROR;
				GCC_WARN_UNDECLARED_SELECTOR = YES;
				GCC_WARN_UNINITIALIZED_AUTOS = YES_AGGRESSIVE;
				GCC_WARN_UNUSED_FUNCTION = YES;
				GCC_WARN_UNUSED_VARIABLE = YES;
				IPHONEOS_DEPLOYMENT_TARGET = 14.5;
				MTL_ENABLE_DEBUG_INFO = INCLUDE_SOURCE;
				MTL_FAST_MATH = YES;
				ONLY_ACTIVE_ARCH = YES;
				SDKROOT = iphoneos;
				SWIFT_ACTIVE_COMPILATION_CONDITIONS = DEBUG;
				SWIFT_OPTIMIZATION_LEVEL = "-Onone";
			};
			name = Debug;
		};
		6CBE959426CE26F6005B0DA9 /* Release */ = {
			isa = XCBuildConfiguration;
			buildSettings = {
				ALWAYS_SEARCH_USER_PATHS = NO;
				CLANG_ANALYZER_NONNULL = YES;
				CLANG_ANALYZER_NUMBER_OBJECT_CONVERSION = YES_AGGRESSIVE;
				CLANG_CXX_LANGUAGE_STANDARD = "gnu++14";
				CLANG_CXX_LIBRARY = "libc++";
				CLANG_ENABLE_MODULES = YES;
				CLANG_ENABLE_OBJC_ARC = YES;
				CLANG_ENABLE_OBJC_WEAK = YES;
				CLANG_WARN_BLOCK_CAPTURE_AUTORELEASING = YES;
				CLANG_WARN_BOOL_CONVERSION = YES;
				CLANG_WARN_COMMA = YES;
				CLANG_WARN_CONSTANT_CONVERSION = YES;
				CLANG_WARN_DEPRECATED_OBJC_IMPLEMENTATIONS = YES;
				CLANG_WARN_DIRECT_OBJC_ISA_USAGE = YES_ERROR;
				CLANG_WARN_DOCUMENTATION_COMMENTS = YES;
				CLANG_WARN_EMPTY_BODY = YES;
				CLANG_WARN_ENUM_CONVERSION = YES;
				CLANG_WARN_INFINITE_RECURSION = YES;
				CLANG_WARN_INT_CONVERSION = YES;
				CLANG_WARN_NON_LITERAL_NULL_CONVERSION = YES;
				CLANG_WARN_OBJC_IMPLICIT_RETAIN_SELF = YES;
				CLANG_WARN_OBJC_LITERAL_CONVERSION = YES;
				CLANG_WARN_OBJC_ROOT_CLASS = YES_ERROR;
				CLANG_WARN_QUOTED_INCLUDE_IN_FRAMEWORK_HEADER = YES;
				CLANG_WARN_RANGE_LOOP_ANALYSIS = YES;
				CLANG_WARN_STRICT_PROTOTYPES = YES;
				CLANG_WARN_SUSPICIOUS_MOVE = YES;
				CLANG_WARN_UNGUARDED_AVAILABILITY = YES_AGGRESSIVE;
				CLANG_WARN_UNREACHABLE_CODE = YES;
				CLANG_WARN__DUPLICATE_METHOD_MATCH = YES;
				COPY_PHASE_STRIP = NO;
				DEBUG_INFORMATION_FORMAT = "dwarf-with-dsym";
				ENABLE_NS_ASSERTIONS = NO;
				ENABLE_STRICT_OBJC_MSGSEND = YES;
				GCC_C_LANGUAGE_STANDARD = gnu11;
				GCC_NO_COMMON_BLOCKS = YES;
				GCC_WARN_64_TO_32_BIT_CONVERSION = YES;
				GCC_WARN_ABOUT_RETURN_TYPE = YES_ERROR;
				GCC_WARN_UNDECLARED_SELECTOR = YES;
				GCC_WARN_UNINITIALIZED_AUTOS = YES_AGGRESSIVE;
				GCC_WARN_UNUSED_FUNCTION = YES;
				GCC_WARN_UNUSED_VARIABLE = YES;
				IPHONEOS_DEPLOYMENT_TARGET = 14.5;
				MTL_ENABLE_DEBUG_INFO = NO;
				MTL_FAST_MATH = YES;
				SDKROOT = iphoneos;
				SWIFT_COMPILATION_MODE = wholemodule;
				SWIFT_OPTIMIZATION_LEVEL = "-O";
				VALIDATE_PRODUCT = YES;
			};
			name = Release;
		};
		6CBE959626CE26F6005B0DA9 /* Debug */ = {
			isa = XCBuildConfiguration;
			buildSettings = {
				ASSETCATALOG_COMPILER_APPICON_NAME = AppIcon;
				ASSETCATALOG_COMPILER_GLOBAL_ACCENT_COLOR_NAME = AccentColor;
				CODE_SIGN_STYLE = Automatic;
				DEVELOPMENT_ASSET_PATHS = "\"CovidWorldData/Preview Content\"";
				DEVELOPMENT_TEAM = 3HA24BPXUY;
				ENABLE_PREVIEWS = YES;
				INFOPLIST_FILE = CovidWorldData/Info.plist;
				IPHONEOS_DEPLOYMENT_TARGET = 14.0;
				LD_RUNPATH_SEARCH_PATHS = (
					"$(inherited)",
					"@executable_path/Frameworks",
				);
				PRODUCT_BUNDLE_IDENTIFIER = "Minseo-Kim.CovidWorldData";
				PRODUCT_NAME = "$(TARGET_NAME)";
				SWIFT_VERSION = 5.0;
				TARGETED_DEVICE_FAMILY = "1,2";
			};
			name = Debug;
		};
		6CBE959726CE26F6005B0DA9 /* Release */ = {
			isa = XCBuildConfiguration;
			buildSettings = {
				ASSETCATALOG_COMPILER_APPICON_NAME = AppIcon;
				ASSETCATALOG_COMPILER_GLOBAL_ACCENT_COLOR_NAME = AccentColor;
				CODE_SIGN_STYLE = Automatic;
				DEVELOPMENT_ASSET_PATHS = "\"CovidWorldData/Preview Content\"";
				DEVELOPMENT_TEAM = 3HA24BPXUY;
				ENABLE_PREVIEWS = YES;
				INFOPLIST_FILE = CovidWorldData/Info.plist;
				IPHONEOS_DEPLOYMENT_TARGET = 14.0;
				LD_RUNPATH_SEARCH_PATHS = (
					"$(inherited)",
					"@executable_path/Frameworks",
				);
				PRODUCT_BUNDLE_IDENTIFIER = "Minseo-Kim.CovidWorldData";
				PRODUCT_NAME = "$(TARGET_NAME)";
				SWIFT_VERSION = 5.0;
				TARGETED_DEVICE_FAMILY = "1,2";
			};
			name = Release;
		};
		6CBE959926CE26F6005B0DA9 /* Debug */ = {
			isa = XCBuildConfiguration;
			buildSettings = {
				ALWAYS_EMBED_SWIFT_STANDARD_LIBRARIES = YES;
				BUNDLE_LOADER = "$(TEST_HOST)";
				CODE_SIGN_STYLE = Automatic;
				DEVELOPMENT_TEAM = 3HA24BPXUY;
				INFOPLIST_FILE = CovidWorldDataTests/Info.plist;
				IPHONEOS_DEPLOYMENT_TARGET = 14.0;
				LD_RUNPATH_SEARCH_PATHS = (
					"$(inherited)",
					"@executable_path/Frameworks",
					"@loader_path/Frameworks",
				);
				PRODUCT_BUNDLE_IDENTIFIER = "Minseo-Kim.CovidWorldDataTests";
				PRODUCT_NAME = "$(TARGET_NAME)";
				SWIFT_VERSION = 5.0;
				TARGETED_DEVICE_FAMILY = "1,2";
				TEST_HOST = "$(BUILT_PRODUCTS_DIR)/CovidWorldData.app/CovidWorldData";
			};
			name = Debug;
		};
		6CBE959A26CE26F6005B0DA9 /* Release */ = {
			isa = XCBuildConfiguration;
			buildSettings = {
				ALWAYS_EMBED_SWIFT_STANDARD_LIBRARIES = YES;
				BUNDLE_LOADER = "$(TEST_HOST)";
				CODE_SIGN_STYLE = Automatic;
				DEVELOPMENT_TEAM = 3HA24BPXUY;
				INFOPLIST_FILE = CovidWorldDataTests/Info.plist;
				IPHONEOS_DEPLOYMENT_TARGET = 14.0;
				LD_RUNPATH_SEARCH_PATHS = (
					"$(inherited)",
					"@executable_path/Frameworks",
					"@loader_path/Frameworks",
				);
				PRODUCT_BUNDLE_IDENTIFIER = "Minseo-Kim.CovidWorldDataTests";
				PRODUCT_NAME = "$(TARGET_NAME)";
				SWIFT_VERSION = 5.0;
				TARGETED_DEVICE_FAMILY = "1,2";
				TEST_HOST = "$(BUILT_PRODUCTS_DIR)/CovidWorldData.app/CovidWorldData";
			};
			name = Release;
		};
		6CBE959C26CE26F6005B0DA9 /* Debug */ = {
			isa = XCBuildConfiguration;
			buildSettings = {
				ALWAYS_EMBED_SWIFT_STANDARD_LIBRARIES = YES;
				CODE_SIGN_STYLE = Automatic;
				DEVELOPMENT_TEAM = 3HA24BPXUY;
				INFOPLIST_FILE = CovidWorldDataUITests/Info.plist;
				LD_RUNPATH_SEARCH_PATHS = (
					"$(inherited)",
					"@executable_path/Frameworks",
					"@loader_path/Frameworks",
				);
				PRODUCT_BUNDLE_IDENTIFIER = "Minseo-Kim.CovidWorldDataUITests";
				PRODUCT_NAME = "$(TARGET_NAME)";
				SWIFT_VERSION = 5.0;
				TARGETED_DEVICE_FAMILY = "1,2";
				TEST_TARGET_NAME = CovidWorldData;
			};
			name = Debug;
		};
		6CBE959D26CE26F6005B0DA9 /* Release */ = {
			isa = XCBuildConfiguration;
			buildSettings = {
				ALWAYS_EMBED_SWIFT_STANDARD_LIBRARIES = YES;
				CODE_SIGN_STYLE = Automatic;
				DEVELOPMENT_TEAM = 3HA24BPXUY;
				INFOPLIST_FILE = CovidWorldDataUITests/Info.plist;
				LD_RUNPATH_SEARCH_PATHS = (
					"$(inherited)",
					"@executable_path/Frameworks",
					"@loader_path/Frameworks",
				);
				PRODUCT_BUNDLE_IDENTIFIER = "Minseo-Kim.CovidWorldDataUITests";
				PRODUCT_NAME = "$(TARGET_NAME)";
				SWIFT_VERSION = 5.0;
				TARGETED_DEVICE_FAMILY = "1,2";
				TEST_TARGET_NAME = CovidWorldData;
			};
			name = Release;
		};
/* End XCBuildConfiguration section */

/* Begin XCConfigurationList section */
		6CBE956B26CE26F2005B0DA9 /* Build configuration list for PBXProject "CovidWorldData" */ = {
			isa = XCConfigurationList;
			buildConfigurations = (
				6CBE959326CE26F6005B0DA9 /* Debug */,
				6CBE959426CE26F6005B0DA9 /* Release */,
			);
			defaultConfigurationIsVisible = 0;
			defaultConfigurationName = Release;
		};
		6CBE959526CE26F6005B0DA9 /* Build configuration list for PBXNativeTarget "CovidWorldData" */ = {
			isa = XCConfigurationList;
			buildConfigurations = (
				6CBE959626CE26F6005B0DA9 /* Debug */,
				6CBE959726CE26F6005B0DA9 /* Release */,
			);
			defaultConfigurationIsVisible = 0;
			defaultConfigurationName = Release;
		};
		6CBE959826CE26F6005B0DA9 /* Build configuration list for PBXNativeTarget "CovidWorldDataTests" */ = {
			isa = XCConfigurationList;
			buildConfigurations = (
				6CBE959926CE26F6005B0DA9 /* Debug */,
				6CBE959A26CE26F6005B0DA9 /* Release */,
			);
			defaultConfigurationIsVisible = 0;
			defaultConfigurationName = Release;
		};
		6CBE959B26CE26F6005B0DA9 /* Build configuration list for PBXNativeTarget "CovidWorldDataUITests" */ = {
			isa = XCConfigurationList;
			buildConfigurations = (
				6CBE959C26CE26F6005B0DA9 /* Debug */,
				6CBE959D26CE26F6005B0DA9 /* Release */,
			);
			defaultConfigurationIsVisible = 0;
			defaultConfigurationName = Release;
		};
/* End XCConfigurationList section */
	};
	rootObject = 6CBE956826CE26F2005B0DA9 /* Project object */;
}
